
Microsoft Visual Studio Solution File, Format Version 12.00
# Visual Studio Version 17
VisualStudioVersion = 17.5.002.0
MinimumVisualStudioVersion = 10.0.40219.1
Project("{9A19103F-16F7-4668-BE54-9A1E7A4F7556}") = "AIBot", "AIBot.csproj", "{7ED3BAFB-4FB1-4748-A10D-C83395E1FE48}"
EndProject
Global
	GlobalSection(SolutionConfigurationPlatforms) = preSolution
		Debug|Any CPU = Debug|Any CPU
		Release|Any CPU = Release|Any CPU
	EndGlobalSection
	GlobalSection(ProjectConfigurationPlatforms) = postSolution
		{7ED3BAFB-4FB1-4748-A10D-C83395E1FE48}.Debug|Any CPU.ActiveCfg = Debug|Any CPU
		{7ED3BAFB-4FB1-4748-A10D-C83395E1FE48}.Debug|Any CPU.Build.0 = Debug|Any CPU
		{7ED3BAFB-4FB1-4748-A10D-C83395E1FE48}.Release|Any CPU.ActiveCfg = Release|Any CPU
		{7ED3BAFB-4FB1-4748-A10D-C83395E1FE48}.Release|Any CPU.Build.0 = Release|Any CPU
	EndGlobalSection
	GlobalSection(SolutionProperties) = preSolution
		HideSolutionNode = FALSE
	EndGlobalSection
	GlobalSection(ExtensibilityGlobals) = postSolution
		SolutionGuid = {8553F233-059E-4081-B9D1-B3D22642D6CE}
	EndGlobalSection
EndGlobal
